
Microsoft Visual Studio Solution File, Format Version 12.00
# Visual Studio 15
Project("{FAE04EC0-301F-11D3-BF4B-00C04F79EFBC}") = "HelloWorlds", "HelloWorlds.csproj", "{835C77E7-3DA6-468C-BEE6-08D210C0EAC4}"
EndProject
Global
	GlobalSection(SolutionConfigurationPlatforms) = preSolution
		Debug|Any CPU = Debug|Any CPU
		Release|Any CPU = Release|Any CPU
	EndGlobalSection
	GlobalSection(ProjectConfigurationPlatforms) = postSolution
		{835C77E7-3DA6-468C-BEE6-08D210C0EAC4}.Debug|Any CPU.ActiveCfg = Debug|Any CPU
		{835C77E7-3DA6-468C-BEE6-08D210C0EAC4}.Debug|Any CPU.Build.0 = Debug|Any CPU
		{835C77E7-3DA6-468C-BEE6-08D210C0EAC4}.Release|Any CPU.ActiveCfg = Release|Any CPU
		{835C77E7-3DA6-468C-BEE6-08D210C0EAC4}.Release|Any CPU.Build.0 = Release|Any CPU
	EndGlobalSection
EndGlobal
