
Microsoft Visual Studio Solution File, Format Version 12.00
# Visual Studio 15
Project("{FAE04EC0-301F-11D3-BF4B-00C04F79EFBC}") = "ExtensionMethods", "ExtensionMethods\ExtensionMethods.csproj", "{271DED23-5503-46AE-B1A1-85D0DF6CF8E0}"
EndProject
Global
	GlobalSection(SolutionConfigurationPlatforms) = preSolution
		Debug|Any CPU = Debug|Any CPU
		Release|Any CPU = Release|Any CPU
	EndGlobalSection
	GlobalSection(ProjectConfigurationPlatforms) = postSolution
		{271DED23-5503-46AE-B1A1-85D0DF6CF8E0}.Debug|Any CPU.ActiveCfg = Debug|Any CPU
		{271DED23-5503-46AE-B1A1-85D0DF6CF8E0}.Debug|Any CPU.Build.0 = Debug|Any CPU
		{271DED23-5503-46AE-B1A1-85D0DF6CF8E0}.Release|Any CPU.ActiveCfg = Release|Any CPU
		{271DED23-5503-46AE-B1A1-85D0DF6CF8E0}.Release|Any CPU.Build.0 = Release|Any CPU
	EndGlobalSection
EndGlobal
