
Microsoft Visual Studio Solution File, Format Version 12.00
# Visual Studio 15
Project("{FAE04EC0-301F-11D3-BF4B-00C04F79EFBC}") = "Delegates", "Delegates\Delegates.csproj", "{78390409-45E4-4C21-8CF1-B96FFC746ECF}"
EndProject
Global
	GlobalSection(SolutionConfigurationPlatforms) = preSolution
		Debug|Any CPU = Debug|Any CPU
		Release|Any CPU = Release|Any CPU
	EndGlobalSection
	GlobalSection(ProjectConfigurationPlatforms) = postSolution
		{78390409-45E4-4C21-8CF1-B96FFC746ECF}.Debug|Any CPU.ActiveCfg = Debug|Any CPU
		{78390409-45E4-4C21-8CF1-B96FFC746ECF}.Debug|Any CPU.Build.0 = Debug|Any CPU
		{78390409-45E4-4C21-8CF1-B96FFC746ECF}.Release|Any CPU.ActiveCfg = Release|Any CPU
		{78390409-45E4-4C21-8CF1-B96FFC746ECF}.Release|Any CPU.Build.0 = Release|Any CPU
	EndGlobalSection
EndGlobal
